
Microsoft Visual Studio Solution File, Format Version 12.00
# Visual Studio Version 16
VisualStudioVersion = 16.0.30621.155
MinimumVisualStudioVersion = 10.0.40219.1
Project("{9A19103F-16F7-4668-BE54-9A1E7A4F7556}") = "AdcControl", "AdcControl\AdcControl.csproj", "{8B94C57E-76DD-4852-A6EB-29D39AE61E6E}"
EndProject
Project("{9A19103F-16F7-4668-BE54-9A1E7A4F7556}") = "DebugHelper", "DebugHelper\DebugHelper.csproj", "{0B0997AB-9E12-45DC-B6F5-A0AC58DC831E}"
EndProject
Project("{9A19103F-16F7-4668-BE54-9A1E7A4F7556}") = "controller_simulator", "controller_simulator\controller_simulator.csproj", "{21E94453-EEB7-49C4-92BA-FC6B2CE9B03E}"
EndProject
Project("{2150E333-8FDC-42A3-9474-1A3956D46DE8}") = "Solution Items", "Solution Items", "{BF4EAAAC-2E1C-4360-AA2D-3CD89AC21E7A}"
	ProjectSection(SolutionItems) = preProject
		.editorconfig = .editorconfig
	EndProjectSection
EndProject
Global
	GlobalSection(SolutionConfigurationPlatforms) = preSolution
		Debug|Any CPU = Debug|Any CPU
		Debug|x64 = Debug|x64
		Debug|x86 = Debug|x86
		Release|Any CPU = Release|Any CPU
		Release|x64 = Release|x64
		Release|x86 = Release|x86
	EndGlobalSection
	GlobalSection(ProjectConfigurationPlatforms) = postSolution
		{8B94C57E-76DD-4852-A6EB-29D39AE61E6E}.Debug|Any CPU.ActiveCfg = Debug|Any CPU
		{8B94C57E-76DD-4852-A6EB-29D39AE61E6E}.Debug|Any CPU.Build.0 = Debug|Any CPU
		{8B94C57E-76DD-4852-A6EB-29D39AE61E6E}.Debug|x64.ActiveCfg = Debug|x64
		{8B94C57E-76DD-4852-A6EB-29D39AE61E6E}.Debug|x64.Build.0 = Debug|x64
		{8B94C57E-76DD-4852-A6EB-29D39AE61E6E}.Debug|x86.ActiveCfg = Debug|Any CPU
		{8B94C57E-76DD-4852-A6EB-29D39AE61E6E}.Debug|x86.Build.0 = Debug|Any CPU
		{8B94C57E-76DD-4852-A6EB-29D39AE61E6E}.Release|Any CPU.ActiveCfg = Release|Any CPU
		{8B94C57E-76DD-4852-A6EB-29D39AE61E6E}.Release|Any CPU.Build.0 = Release|Any CPU
		{8B94C57E-76DD-4852-A6EB-29D39AE61E6E}.Release|x64.ActiveCfg = Release|x64
		{8B94C57E-76DD-4852-A6EB-29D39AE61E6E}.Release|x64.Build.0 = Release|x64
		{8B94C57E-76DD-4852-A6EB-29D39AE61E6E}.Release|x86.ActiveCfg = Release|Any CPU
		{8B94C57E-76DD-4852-A6EB-29D39AE61E6E}.Release|x86.Build.0 = Release|Any CPU
		{0B0997AB-9E12-45DC-B6F5-A0AC58DC831E}.Debug|Any CPU.ActiveCfg = Debug|Any CPU
		{0B0997AB-9E12-45DC-B6F5-A0AC58DC831E}.Debug|Any CPU.Build.0 = Debug|Any CPU
		{0B0997AB-9E12-45DC-B6F5-A0AC58DC831E}.Debug|x64.ActiveCfg = Debug|x64
		{0B0997AB-9E12-45DC-B6F5-A0AC58DC831E}.Debug|x64.Build.0 = Debug|x64
		{0B0997AB-9E12-45DC-B6F5-A0AC58DC831E}.Debug|x86.ActiveCfg = Debug|Any CPU
		{0B0997AB-9E12-45DC-B6F5-A0AC58DC831E}.Debug|x86.Build.0 = Debug|Any CPU
		{0B0997AB-9E12-45DC-B6F5-A0AC58DC831E}.Release|Any CPU.ActiveCfg = Release|Any CPU
		{0B0997AB-9E12-45DC-B6F5-A0AC58DC831E}.Release|Any CPU.Build.0 = Release|Any CPU
		{0B0997AB-9E12-45DC-B6F5-A0AC58DC831E}.Release|x64.ActiveCfg = Release|x64
		{0B0997AB-9E12-45DC-B6F5-A0AC58DC831E}.Release|x64.Build.0 = Release|x64
		{0B0997AB-9E12-45DC-B6F5-A0AC58DC831E}.Release|x86.ActiveCfg = Release|Any CPU
		{0B0997AB-9E12-45DC-B6F5-A0AC58DC831E}.Release|x86.Build.0 = Release|Any CPU
		{21E94453-EEB7-49C4-92BA-FC6B2CE9B03E}.Debug|Any CPU.ActiveCfg = Debug|Any CPU
		{21E94453-EEB7-49C4-92BA-FC6B2CE9B03E}.Debug|Any CPU.Build.0 = Debug|Any CPU
		{21E94453-EEB7-49C4-92BA-FC6B2CE9B03E}.Debug|x64.ActiveCfg = Debug|Any CPU
		{21E94453-EEB7-49C4-92BA-FC6B2CE9B03E}.Debug|x64.Build.0 = Debug|Any CPU
		{21E94453-EEB7-49C4-92BA-FC6B2CE9B03E}.Debug|x86.ActiveCfg = Debug|Any CPU
		{21E94453-EEB7-49C4-92BA-FC6B2CE9B03E}.Debug|x86.Build.0 = Debug|Any CPU
		{21E94453-EEB7-49C4-92BA-FC6B2CE9B03E}.Release|Any CPU.ActiveCfg = Release|Any CPU
		{21E94453-EEB7-49C4-92BA-FC6B2CE9B03E}.Release|Any CPU.Build.0 = Release|Any CPU
		{21E94453-EEB7-49C4-92BA-FC6B2CE9B03E}.Release|x64.ActiveCfg = Release|Any CPU
		{21E94453-EEB7-49C4-92BA-FC6B2CE9B03E}.Release|x64.Build.0 = Release|Any CPU
		{21E94453-EEB7-49C4-92BA-FC6B2CE9B03E}.Release|x86.ActiveCfg = Release|Any CPU
		{21E94453-EEB7-49C4-92BA-FC6B2CE9B03E}.Release|x86.Build.0 = Release|Any CPU
	EndGlobalSection
	GlobalSection(SolutionProperties) = preSolution
		HideSolutionNode = FALSE
	EndGlobalSection
	GlobalSection(ExtensibilityGlobals) = postSolution
		SolutionGuid = {4741685A-7BF9-4D3D-80E6-388989096FCA}
	EndGlobalSection
EndGlobal
